# @generated by Move, please check-in and do not edit manually.

[move]
version = 3
manifest_digest = "B7084D7A6A480882ACC874ABF9506791AD1A99AA9A5ED4D1C3D4B045A417F36D"
deps_digest = "F8BBB0CCB2491CA29A3DF03D6F92277A4F3574266507ACD77214D37ECA3F3082"
dependencies = [
  { id = "Iota", name = "Iota" },
]

[[move.package]]
id = "Iota"
source = { git = "https://github.com/iotaledger/iota.git", rev = "devnet", subdir = "crates/iota-framework/packages/iota-framework" }

dependencies = [
  { id = "MoveStdlib", name = "MoveStdlib" },
]

[[move.package]]
id = "MoveStdlib"
source = { git = "https://github.com/iotaledger/iota.git", rev = "devnet", subdir = "crates\\iota-framework\\packages\\move-stdlib" }

[move.toolchain-version]
compiler-version = "1.12.0"
edition = "2024"
flavor = "iota"

[env]

[env.devnet]
chain-id = "e678123a"
original-published-id = "0xe3918ab3e1cb593f9b17ea44184a8bb29b1e19efcc2f98fa2e1f6be55f691384"
latest-published-id = "0xe3918ab3e1cb593f9b17ea44184a8bb29b1e19efcc2f98fa2e1f6be55f691384"
published-version = "1"
